
Microsoft Visual Studio Solution File, Format Version 12.00
# Visual Studio Version 17
VisualStudioVersion = 17.14.36401.2 d17.14
MinimumVisualStudioVersion = 10.0.40219.1
Project("{FAE04EC0-301F-11D3-BF4B-00C04F79EFBC}") = "Tp2Progra3", "Tp2Progra3\Tp2Progra3.csproj", "{EDC715D7-4862-4DC9-B9A8-3D7DBA4CCD52}"
EndProject
Global
	GlobalSection(SolutionConfigurationPlatforms) = preSolution
		Debug|Any CPU = Debug|Any CPU
		Release|Any CPU = Release|Any CPU
	EndGlobalSection
	GlobalSection(ProjectConfigurationPlatforms) = postSolution
		{EDC715D7-4862-4DC9-B9A8-3D7DBA4CCD52}.Debug|Any CPU.ActiveCfg = Debug|Any CPU
		{EDC715D7-4862-4DC9-B9A8-3D7DBA4CCD52}.Debug|Any CPU.Build.0 = Debug|Any CPU
		{EDC715D7-4862-4DC9-B9A8-3D7DBA4CCD52}.Release|Any CPU.ActiveCfg = Release|Any CPU
		{EDC715D7-4862-4DC9-B9A8-3D7DBA4CCD52}.Release|Any CPU.Build.0 = Release|Any CPU
	EndGlobalSection
	GlobalSection(SolutionProperties) = preSolution
		HideSolutionNode = FALSE
	EndGlobalSection
	GlobalSection(ExtensibilityGlobals) = postSolution
		SolutionGuid = {AE7F12F7-D657-423B-B250-D56D9B6A7EE0}
	EndGlobalSection
EndGlobal
